
Microsoft Visual Studio Solution File, Format Version 12.00
# Visual Studio 15
VisualStudioVersion = 15.0.28307.136
MinimumVisualStudioVersion = 10.0.40219.1
Project("{FAE04EC0-301F-11D3-BF4B-00C04F79EFBC}") = "JaggedArrayChallenge", "JaggedArrayChallenge.csproj", "{C6D365B5-504F-44D5-9D09-0494C9CFFF3E}"
EndProject
Global
	GlobalSection(SolutionConfigurationPlatforms) = preSolution
		Debug|Any CPU = Debug|Any CPU
		Release|Any CPU = Release|Any CPU
	EndGlobalSection
	GlobalSection(ProjectConfigurationPlatforms) = postSolution
		{C6D365B5-504F-44D5-9D09-0494C9CFFF3E}.Debug|Any CPU.ActiveCfg = Debug|Any CPU
		{C6D365B5-504F-44D5-9D09-0494C9CFFF3E}.Debug|Any CPU.Build.0 = Debug|Any CPU
		{C6D365B5-504F-44D5-9D09-0494C9CFFF3E}.Release|Any CPU.ActiveCfg = Release|Any CPU
		{C6D365B5-504F-44D5-9D09-0494C9CFFF3E}.Release|Any CPU.Build.0 = Release|Any CPU
	EndGlobalSection
	GlobalSection(SolutionProperties) = preSolution
		HideSolutionNode = FALSE
	EndGlobalSection
	GlobalSection(ExtensibilityGlobals) = postSolution
		SolutionGuid = {BAE5091E-DBB7-4330-B5D1-13E61D1F0525}
	EndGlobalSection
EndGlobal
